// !$*UTF8*$!
{
	archiveVersion = 1;
	classes = {
	};
	objectVersion = 54;
	objects = {

/* Begin PBXBuildFile section */
		011640A727677EDC002E1608 /* SwipeChartCell.swift in Sources */ = {isa = PBXBuildFile; fileRef = 011640A627677EDC002E1608 /* SwipeChartCell.swift */; };
		012440BE2764BDF300676D03 /* CircleAndRoundedViews.swift in Sources */ = {isa = PBXBuildFile; fileRef = 012440BD2764BDF300676D03 /* CircleAndRoundedViews.swift */; };
		012440C02764BDFB00676D03 /* CalendarISO8601.swift in Sources */ = {isa = PBXBuildFile; fileRef = 012440BF2764BDFB00676D03 /* CalendarISO8601.swift */; };
		012440C22764BE0400676D03 /* IntSeparatorExtension.swift in Sources */ = {isa = PBXBuildFile; fileRef = 012440C12764BE0400676D03 /* IntSeparatorExtension.swift */; };
		012440CA2764BE2C00676D03 /* SettingsHeader.swift in Sources */ = {isa = PBXBuildFile; fileRef = 012440C42764BE2C00676D03 /* SettingsHeader.swift */; };
		012440CB2764BE2C00676D03 /* SettingsUnitMeasureCell.swift in Sources */ = {isa = PBXBuildFile; fileRef = 012440C52764BE2C00676D03 /* SettingsUnitMeasureCell.swift */; };
		012440CC2764BE2C00676D03 /* StepsScreenSettings.swift in Sources */ = {isa = PBXBuildFile; fileRef = 012440C62764BE2C00676D03 /* StepsScreenSettings.swift */; };
		012440CD2764BE2C00676D03 /* SettingsDailyGoalCell.swift in Sources */ = {isa = PBXBuildFile; fileRef = 012440C72764BE2C00676D03 /* SettingsDailyGoalCell.swift */; };
		012440CE2764BE2C00676D03 /* SettingsIconsCell.swift in Sources */ = {isa = PBXBuildFile; fileRef = 012440C82764BE2C00676D03 /* SettingsIconsCell.swift */; };
		012440CF2764BE2C00676D03 /* SettingsThemesCell.swift in Sources */ = {isa = PBXBuildFile; fileRef = 012440C92764BE2C00676D03 /* SettingsThemesCell.swift */; };
		012440D12764BE3300676D03 /* CalendarViewController.swift in Sources */ = {isa = PBXBuildFile; fileRef = 012440D02764BE3300676D03 /* CalendarViewController.swift */; };
		012440D92764BE7D00676D03 /* StepsModels.swift in Sources */ = {isa = PBXBuildFile; fileRef = 012440D82764BE7D00676D03 /* StepsModels.swift */; };
		012440DB2764FEA500676D03 /* LockedImage.swift in Sources */ = {isa = PBXBuildFile; fileRef = 012440DA2764FEA400676D03 /* LockedImage.swift */; };
		012440FE2765199C00676D03 /* CustomErrors.swift in Sources */ = {isa = PBXBuildFile; fileRef = 012440FD2765199B00676D03 /* CustomErrors.swift */; };
		014F5F96272D9E960058132F /* TabBarControllerFunc.swift in Sources */ = {isa = PBXBuildFile; fileRef = 014F5F95272D9E960058132F /* TabBarControllerFunc.swift */; };
		014F5F99272D9F880058132F /* AuthorizationViewController.swift in Sources */ = {isa = PBXBuildFile; fileRef = 014F5F98272D9F880058132F /* AuthorizationViewController.swift */; };
		014F5F9B272D9F990058132F /* LoginViewController.swift in Sources */ = {isa = PBXBuildFile; fileRef = 014F5F9A272D9F990058132F /* LoginViewController.swift */; };
		014F5F9D272D9FAE0058132F /* SignUpViewController.swift in Sources */ = {isa = PBXBuildFile; fileRef = 014F5F9C272D9FAE0058132F /* SignUpViewController.swift */; };
		01651A3B27120D2D00DC9391 /* AppDelegate.swift in Sources */ = {isa = PBXBuildFile; fileRef = 01651A3A27120D2D00DC9391 /* AppDelegate.swift */; };
		01651A4427120D2E00DC9391 /* Assets.xcassets in Resources */ = {isa = PBXBuildFile; fileRef = 01651A4327120D2E00DC9391 /* Assets.xcassets */; };
		01651A4727120D2E00DC9391 /* LaunchScreen.storyboard in Resources */ = {isa = PBXBuildFile; fileRef = 01651A4527120D2E00DC9391 /* LaunchScreen.storyboard */; };
		0172EABE27242F7000DE1779 /* StepsService.swift in Sources */ = {isa = PBXBuildFile; fileRef = 0172EABD27242F7000DE1779 /* StepsService.swift */; };
		01B105BD2768B80200FA1C1D /* FriendsCompetitionsCell.swift in Sources */ = {isa = PBXBuildFile; fileRef = 01B105BC2768B80100FA1C1D /* FriendsCompetitionsCell.swift */; };
		01F7D4B4274AA2D4007676CC /* HeaderCollectionReusableView.swift in Sources */ = {isa = PBXBuildFile; fileRef = 01F7D4B3274AA2D4007676CC /* HeaderCollectionReusableView.swift */; };
		01F7D4B6274AA2FD007676CC /* EachFriendViewController.swift in Sources */ = {isa = PBXBuildFile; fileRef = 01F7D4B5274AA2FD007676CC /* EachFriendViewController.swift */; };
		01F7D4B8274BF146007676CC /* StepColor.swift in Sources */ = {isa = PBXBuildFile; fileRef = 01F7D4B7274BF146007676CC /* StepColor.swift */; };
		0BD1511C2740176800F15800 /* ProfileService.swift in Sources */ = {isa = PBXBuildFile; fileRef = 0BD1511B2740176800F15800 /* ProfileService.swift */; };
		3A59D2C09ADB9AA1AAE377E2 /* Pods_StepperApp.framework in Frameworks */ = {isa = PBXBuildFile; fileRef = 7A924E68D2EAE87E9BC99EBB /* Pods_StepperApp.framework */; };
		A1160098275B93C0000A5518 /* UserConvector.swift in Sources */ = {isa = PBXBuildFile; fileRef = A1160097275B93C0000A5518 /* UserConvector.swift */; };
		A116009A275B9697000A5518 /* UserModel.swift in Sources */ = {isa = PBXBuildFile; fileRef = A1160099275B9697000A5518 /* UserModel.swift */; };
		A116009C275EB911000A5518 /* ConvertBrithDayToAge.swift in Sources */ = {isa = PBXBuildFile; fileRef = A116009B275EB911000A5518 /* ConvertBrithDayToAge.swift */; };
		A1223E4D27660D9D006312D6 /* AddNewCompetitionViewController.swift in Sources */ = {isa = PBXBuildFile; fileRef = A1223E4C27660D9D006312D6 /* AddNewCompetitionViewController.swift */; };
		A1223E4F27660DA9006312D6 /* NewFriendViewController.swift in Sources */ = {isa = PBXBuildFile; fileRef = A1223E4E27660DA9006312D6 /* NewFriendViewController.swift */; };
		A1223E5127660ECD006312D6 /* CustomErrors.swift in Sources */ = {isa = PBXBuildFile; fileRef = A1223E5027660ECD006312D6 /* CustomErrors.swift */; };
		A1223E54276610BD006312D6 /* PedometerService.swift in Sources */ = {isa = PBXBuildFile; fileRef = A1223E53276610BD006312D6 /* PedometerService.swift */; };
		A13BD977274448380030F984 /* CompetitionViewController.swift in Sources */ = {isa = PBXBuildFile; fileRef = A13BD974274448380030F984 /* CompetitionViewController.swift */; };
		A13BD979274448380030F984 /* CompetitionViewCell.swift in Sources */ = {isa = PBXBuildFile; fileRef = A13BD976274448380030F984 /* CompetitionViewCell.swift */; };
		A13BD97B2744484A0030F984 /* HexColor.swift in Sources */ = {isa = PBXBuildFile; fileRef = A13BD97A2744484A0030F984 /* HexColor.swift */; };
		A13BD97F274448F10030F984 /* CompetitionModels.swift in Sources */ = {isa = PBXBuildFile; fileRef = A13BD97E274448F10030F984 /* CompetitionModels.swift */; };
		A13BD981274449380030F984 /* EachCompetitionViewController.swift in Sources */ = {isa = PBXBuildFile; fileRef = A13BD980274449380030F984 /* EachCompetitionViewController.swift */; };
		A153C5472753D7BA00F9871E /* UsersService.swift in Sources */ = {isa = PBXBuildFile; fileRef = A153C5462753D7BA00F9871E /* UsersService.swift */; };
		A1548E24275945710017BDA4 /* ImageLoaderService.swift in Sources */ = {isa = PBXBuildFile; fileRef = A1548E23275945710017BDA4 /* ImageLoaderService.swift */; };
		A15C4D85274195BB005FF7EF /* HealthKit.framework in Frameworks */ = {isa = PBXBuildFile; fileRef = A15C4D84274195BB005FF7EF /* HealthKit.framework */; };
		A162C10227451F8F00C1D2BF /* BalloonMarker.swift in Sources */ = {isa = PBXBuildFile; fileRef = A162C10127451F8F00C1D2BF /* BalloonMarker.swift */; };
		A165E285274419770002A973 /* ProfileViewController.swift in Sources */ = {isa = PBXBuildFile; fileRef = A165E284274419770002A973 /* ProfileViewController.swift */; };
		A165E288274419880002A973 /* TextValidation.swift in Sources */ = {isa = PBXBuildFile; fileRef = A165E286274419880002A973 /* TextValidation.swift */; };
		A165E289274419880002A973 /* ErrorTextField.swift in Sources */ = {isa = PBXBuildFile; fileRef = A165E287274419880002A973 /* ErrorTextField.swift */; };
		A17AB33E274D07BF007EC89F /* GoogleService-Info.plist in Resources */ = {isa = PBXBuildFile; fileRef = A17AB33D274D07BF007EC89F /* GoogleService-Info.plist */; };
		A17AB340274D3DAB007EC89F /* AuthService.swift in Sources */ = {isa = PBXBuildFile; fileRef = A17AB33F274D3DAB007EC89F /* AuthService.swift */; };
		A187113F274184A8001DFAE7 /* FriendsListViewController.swift in Sources */ = {isa = PBXBuildFile; fileRef = A187113D274184A8001DFAE7 /* FriendsListViewController.swift */; };
		A1871140274184A8001DFAE7 /* FriendsListCollectionViewCell.swift in Sources */ = {isa = PBXBuildFile; fileRef = A187113E274184A8001DFAE7 /* FriendsListCollectionViewCell.swift */; };
		A19E9EA72760F77B009576A1 /* UserDefaults.swift in Sources */ = {isa = PBXBuildFile; fileRef = A19E9EA62760F77B009576A1 /* UserDefaults.swift */; };
		A19E9EAB2760F797009576A1 /* StepsViewController.swift in Sources */ = {isa = PBXBuildFile; fileRef = A19E9EA92760F797009576A1 /* StepsViewController.swift */; };
		A19E9EAC2760F797009576A1 /* WeekChartViewController.swift in Sources */ = {isa = PBXBuildFile; fileRef = A19E9EAA2760F797009576A1 /* WeekChartViewController.swift */; };
		A1BBC544275F7C91009BFD17 /* FriendsService.swift in Sources */ = {isa = PBXBuildFile; fileRef = A1BBC543275F7C91009BFD17 /* FriendsService.swift */; };
/* End PBXBuildFile section */

/* Begin PBXFileReference section */
		011640A627677EDC002E1608 /* SwipeChartCell.swift */ = {isa = PBXFileReference; lastKnownFileType = sourcecode.swift; path = SwipeChartCell.swift; sourceTree = "<group>"; };
		012440BD2764BDF300676D03 /* CircleAndRoundedViews.swift */ = {isa = PBXFileReference; fileEncoding = 4; lastKnownFileType = sourcecode.swift; path = CircleAndRoundedViews.swift; sourceTree = "<group>"; };
		012440BF2764BDFB00676D03 /* CalendarISO8601.swift */ = {isa = PBXFileReference; fileEncoding = 4; lastKnownFileType = sourcecode.swift; path = CalendarISO8601.swift; sourceTree = "<group>"; };
		012440C12764BE0400676D03 /* IntSeparatorExtension.swift */ = {isa = PBXFileReference; fileEncoding = 4; lastKnownFileType = sourcecode.swift; path = IntSeparatorExtension.swift; sourceTree = "<group>"; };
		012440C42764BE2C00676D03 /* SettingsHeader.swift */ = {isa = PBXFileReference; fileEncoding = 4; lastKnownFileType = sourcecode.swift; path = SettingsHeader.swift; sourceTree = "<group>"; };
		012440C52764BE2C00676D03 /* SettingsUnitMeasureCell.swift */ = {isa = PBXFileReference; fileEncoding = 4; lastKnownFileType = sourcecode.swift; path = SettingsUnitMeasureCell.swift; sourceTree = "<group>"; };
		012440C62764BE2C00676D03 /* StepsScreenSettings.swift */ = {isa = PBXFileReference; fileEncoding = 4; lastKnownFileType = sourcecode.swift; path = StepsScreenSettings.swift; sourceTree = "<group>"; };
		012440C72764BE2C00676D03 /* SettingsDailyGoalCell.swift */ = {isa = PBXFileReference; fileEncoding = 4; lastKnownFileType = sourcecode.swift; path = SettingsDailyGoalCell.swift; sourceTree = "<group>"; };
		012440C82764BE2C00676D03 /* SettingsIconsCell.swift */ = {isa = PBXFileReference; fileEncoding = 4; lastKnownFileType = sourcecode.swift; path = SettingsIconsCell.swift; sourceTree = "<group>"; };
		012440C92764BE2C00676D03 /* SettingsThemesCell.swift */ = {isa = PBXFileReference; fileEncoding = 4; lastKnownFileType = sourcecode.swift; path = SettingsThemesCell.swift; sourceTree = "<group>"; };
		012440D02764BE3300676D03 /* CalendarViewController.swift */ = {isa = PBXFileReference; fileEncoding = 4; lastKnownFileType = sourcecode.swift; path = CalendarViewController.swift; sourceTree = "<group>"; };
		012440D22764BE4600676D03 /* AddNewCompetitionViewController.swift */ = {isa = PBXFileReference; fileEncoding = 4; lastKnownFileType = sourcecode.swift; path = AddNewCompetitionViewController.swift; sourceTree = "<group>"; };
		012440D42764BE5300676D03 /* NewFriendViewController.swift */ = {isa = PBXFileReference; fileEncoding = 4; lastKnownFileType = sourcecode.swift; path = NewFriendViewController.swift; sourceTree = "<group>"; };
		012440D82764BE7D00676D03 /* StepsModels.swift */ = {isa = PBXFileReference; fileEncoding = 4; lastKnownFileType = sourcecode.swift; path = StepsModels.swift; sourceTree = "<group>"; };
		012440DA2764FEA400676D03 /* LockedImage.swift */ = {isa = PBXFileReference; lastKnownFileType = sourcecode.swift; path = LockedImage.swift; sourceTree = "<group>"; };
		012440FD2765199B00676D03 /* CustomErrors.swift */ = {isa = PBXFileReference; fileEncoding = 4; lastKnownFileType = sourcecode.swift; path = CustomErrors.swift; sourceTree = "<group>"; };
		014F5F95272D9E960058132F /* TabBarControllerFunc.swift */ = {isa = PBXFileReference; lastKnownFileType = sourcecode.swift; path = TabBarControllerFunc.swift; sourceTree = "<group>"; };
		014F5F98272D9F880058132F /* AuthorizationViewController.swift */ = {isa = PBXFileReference; lastKnownFileType = sourcecode.swift; path = AuthorizationViewController.swift; sourceTree = "<group>"; };
		014F5F9A272D9F990058132F /* LoginViewController.swift */ = {isa = PBXFileReference; lastKnownFileType = sourcecode.swift; path = LoginViewController.swift; sourceTree = "<group>"; };
		014F5F9C272D9FAE0058132F /* SignUpViewController.swift */ = {isa = PBXFileReference; lastKnownFileType = sourcecode.swift; path = SignUpViewController.swift; sourceTree = "<group>"; };
		01651A3727120D2D00DC9391 /* StepperApp.app */ = {isa = PBXFileReference; explicitFileType = wrapper.application; includeInIndex = 0; path = StepperApp.app; sourceTree = BUILT_PRODUCTS_DIR; };
		01651A3A27120D2D00DC9391 /* AppDelegate.swift */ = {isa = PBXFileReference; lastKnownFileType = sourcecode.swift; path = AppDelegate.swift; sourceTree = "<group>"; };
		01651A4327120D2E00DC9391 /* Assets.xcassets */ = {isa = PBXFileReference; lastKnownFileType = folder.assetcatalog; path = Assets.xcassets; sourceTree = "<group>"; };
		01651A4627120D2E00DC9391 /* Base */ = {isa = PBXFileReference; lastKnownFileType = file.storyboard; name = Base; path = Base.lproj/LaunchScreen.storyboard; sourceTree = "<group>"; };
		01651A4827120D2E00DC9391 /* Info.plist */ = {isa = PBXFileReference; lastKnownFileType = text.plist.xml; path = Info.plist; sourceTree = "<group>"; };
		0172EABD27242F7000DE1779 /* StepsService.swift */ = {isa = PBXFileReference; lastKnownFileType = sourcecode.swift; path = StepsService.swift; sourceTree = "<group>"; };
		01B105BC2768B80100FA1C1D /* FriendsCompetitionsCell.swift */ = {isa = PBXFileReference; lastKnownFileType = sourcecode.swift; path = FriendsCompetitionsCell.swift; sourceTree = "<group>"; };
		01F7D4B3274AA2D4007676CC /* HeaderCollectionReusableView.swift */ = {isa = PBXFileReference; fileEncoding = 4; lastKnownFileType = sourcecode.swift; path = HeaderCollectionReusableView.swift; sourceTree = "<group>"; };
		01F7D4B5274AA2FD007676CC /* EachFriendViewController.swift */ = {isa = PBXFileReference; fileEncoding = 4; lastKnownFileType = sourcecode.swift; path = EachFriendViewController.swift; sourceTree = "<group>"; };
		01F7D4B7274BF146007676CC /* StepColor.swift */ = {isa = PBXFileReference; lastKnownFileType = sourcecode.swift; path = StepColor.swift; sourceTree = "<group>"; };
		0BA0CDAB2743CFBE00CC7E68 /* StepsViewController.swift */ = {isa = PBXFileReference; fileEncoding = 4; lastKnownFileType = sourcecode.swift; path = StepsViewController.swift; sourceTree = "<group>"; };
		0BA0CDB22743D20A00CC7E68 /* TextValidation.swift */ = {isa = PBXFileReference; lastKnownFileType = sourcecode.swift; path = TextValidation.swift; sourceTree = "<group>"; };
		0BD1511B2740176800F15800 /* ProfileService.swift */ = {isa = PBXFileReference; lastKnownFileType = sourcecode.swift; path = ProfileService.swift; sourceTree = "<group>"; };
		5FF80AFC5EDDD5F3380FACE8 /* Pods-StepperApp.release.xcconfig */ = {isa = PBXFileReference; includeInIndex = 1; lastKnownFileType = text.xcconfig; name = "Pods-StepperApp.release.xcconfig"; path = "Target Support Files/Pods-StepperApp/Pods-StepperApp.release.xcconfig"; sourceTree = "<group>"; };
		7A924E68D2EAE87E9BC99EBB /* Pods_StepperApp.framework */ = {isa = PBXFileReference; explicitFileType = wrapper.framework; includeInIndex = 0; path = Pods_StepperApp.framework; sourceTree = BUILT_PRODUCTS_DIR; };
		A1160097275B93C0000A5518 /* UserConvector.swift */ = {isa = PBXFileReference; lastKnownFileType = sourcecode.swift; path = UserConvector.swift; sourceTree = "<group>"; };
		A1160099275B9697000A5518 /* UserModel.swift */ = {isa = PBXFileReference; lastKnownFileType = sourcecode.swift; path = UserModel.swift; sourceTree = "<group>"; };
		A116009B275EB911000A5518 /* ConvertBrithDayToAge.swift */ = {isa = PBXFileReference; lastKnownFileType = sourcecode.swift; path = ConvertBrithDayToAge.swift; sourceTree = "<group>"; };
		A1223E4C27660D9D006312D6 /* AddNewCompetitionViewController.swift */ = {isa = PBXFileReference; fileEncoding = 4; lastKnownFileType = sourcecode.swift; path = AddNewCompetitionViewController.swift; sourceTree = "<group>"; };
		A1223E4E27660DA9006312D6 /* NewFriendViewController.swift */ = {isa = PBXFileReference; fileEncoding = 4; lastKnownFileType = sourcecode.swift; path = NewFriendViewController.swift; sourceTree = "<group>"; };
		A1223E5027660ECD006312D6 /* CustomErrors.swift */ = {isa = PBXFileReference; fileEncoding = 4; lastKnownFileType = sourcecode.swift; path = CustomErrors.swift; sourceTree = "<group>"; };
		A1223E53276610BD006312D6 /* PedometerService.swift */ = {isa = PBXFileReference; fileEncoding = 4; lastKnownFileType = sourcecode.swift; path = PedometerService.swift; sourceTree = "<group>"; };
		A124C80F27241D8B00540595 /* WeekChartViewController.swift */ = {isa = PBXFileReference; lastKnownFileType = sourcecode.swift; path = WeekChartViewController.swift; sourceTree = "<group>"; };
		A13BD974274448380030F984 /* CompetitionViewController.swift */ = {isa = PBXFileReference; fileEncoding = 4; lastKnownFileType = sourcecode.swift; path = CompetitionViewController.swift; sourceTree = "<group>"; };
		A13BD976274448380030F984 /* CompetitionViewCell.swift */ = {isa = PBXFileReference; fileEncoding = 4; lastKnownFileType = sourcecode.swift; path = CompetitionViewCell.swift; sourceTree = "<group>"; };
		A13BD97A2744484A0030F984 /* HexColor.swift */ = {isa = PBXFileReference; fileEncoding = 4; lastKnownFileType = sourcecode.swift; path = HexColor.swift; sourceTree = "<group>"; };
		A13BD97E274448F10030F984 /* CompetitionModels.swift */ = {isa = PBXFileReference; fileEncoding = 4; lastKnownFileType = sourcecode.swift; path = CompetitionModels.swift; sourceTree = "<group>"; };
		A13BD980274449380030F984 /* EachCompetitionViewController.swift */ = {isa = PBXFileReference; fileEncoding = 4; lastKnownFileType = sourcecode.swift; path = EachCompetitionViewController.swift; sourceTree = "<group>"; };
		A153C5462753D7BA00F9871E /* UsersService.swift */ = {isa = PBXFileReference; lastKnownFileType = sourcecode.swift; path = UsersService.swift; sourceTree = "<group>"; };
		A1548E23275945710017BDA4 /* ImageLoaderService.swift */ = {isa = PBXFileReference; lastKnownFileType = sourcecode.swift; path = ImageLoaderService.swift; sourceTree = "<group>"; };
		A15C4D83274195AA005FF7EF /* StepperApp.entitlements */ = {isa = PBXFileReference; lastKnownFileType = text.plist.entitlements; path = StepperApp.entitlements; sourceTree = "<group>"; };
		A15C4D84274195BB005FF7EF /* HealthKit.framework */ = {isa = PBXFileReference; lastKnownFileType = wrapper.framework; name = HealthKit.framework; path = System/Library/Frameworks/HealthKit.framework; sourceTree = SDKROOT; };
		A162C10127451F8F00C1D2BF /* BalloonMarker.swift */ = {isa = PBXFileReference; lastKnownFileType = sourcecode.swift; path = BalloonMarker.swift; sourceTree = "<group>"; };
		A165E284274419770002A973 /* ProfileViewController.swift */ = {isa = PBXFileReference; fileEncoding = 4; lastKnownFileType = sourcecode.swift; path = ProfileViewController.swift; sourceTree = "<group>"; };
		A165E286274419880002A973 /* TextValidation.swift */ = {isa = PBXFileReference; fileEncoding = 4; lastKnownFileType = sourcecode.swift; path = TextValidation.swift; sourceTree = "<group>"; };
		A165E287274419880002A973 /* ErrorTextField.swift */ = {isa = PBXFileReference; fileEncoding = 4; lastKnownFileType = sourcecode.swift; path = ErrorTextField.swift; sourceTree = "<group>"; };
		A17AB33D274D07BF007EC89F /* GoogleService-Info.plist */ = {isa = PBXFileReference; fileEncoding = 4; lastKnownFileType = text.plist.xml; path = "GoogleService-Info.plist"; sourceTree = "<group>"; };
		A17AB33F274D3DAB007EC89F /* AuthService.swift */ = {isa = PBXFileReference; lastKnownFileType = sourcecode.swift; path = AuthService.swift; sourceTree = "<group>"; };
		A187113D274184A8001DFAE7 /* FriendsListViewController.swift */ = {isa = PBXFileReference; fileEncoding = 4; lastKnownFileType = sourcecode.swift; path = FriendsListViewController.swift; sourceTree = "<group>"; };
		A187113E274184A8001DFAE7 /* FriendsListCollectionViewCell.swift */ = {isa = PBXFileReference; fileEncoding = 4; lastKnownFileType = sourcecode.swift; path = FriendsListCollectionViewCell.swift; sourceTree = "<group>"; };
		A19E9EA62760F77B009576A1 /* UserDefaults.swift */ = {isa = PBXFileReference; fileEncoding = 4; lastKnownFileType = sourcecode.swift; path = UserDefaults.swift; sourceTree = "<group>"; };
		A19E9EA92760F797009576A1 /* StepsViewController.swift */ = {isa = PBXFileReference; fileEncoding = 4; lastKnownFileType = sourcecode.swift; path = StepsViewController.swift; sourceTree = "<group>"; };
		A19E9EAA2760F797009576A1 /* WeekChartViewController.swift */ = {isa = PBXFileReference; fileEncoding = 4; lastKnownFileType = sourcecode.swift; path = WeekChartViewController.swift; sourceTree = "<group>"; };
		A1BBC543275F7C91009BFD17 /* FriendsService.swift */ = {isa = PBXFileReference; lastKnownFileType = sourcecode.swift; path = FriendsService.swift; sourceTree = "<group>"; };
		CB9D39384BA8490515AF5B40 /* Pods-StepperApp.debug.xcconfig */ = {isa = PBXFileReference; includeInIndex = 1; lastKnownFileType = text.xcconfig; name = "Pods-StepperApp.debug.xcconfig"; path = "Target Support Files/Pods-StepperApp/Pods-StepperApp.debug.xcconfig"; sourceTree = "<group>"; };
/* End PBXFileReference section */

/* Begin PBXFrameworksBuildPhase section */
		01651A3427120D2D00DC9391 /* Frameworks */ = {
			isa = PBXFrameworksBuildPhase;
			buildActionMask = 2147483647;
			files = (
				3A59D2C09ADB9AA1AAE377E2 /* Pods_StepperApp.framework in Frameworks */,
				A15C4D85274195BB005FF7EF /* HealthKit.framework in Frameworks */,
			);
			runOnlyForDeploymentPostprocessing = 0;
		};
/* End PBXFrameworksBuildPhase section */

/* Begin PBXGroup section */
		012440C32764BE2C00676D03 /* SettingsScreen */ = {
			isa = PBXGroup;
			children = (
				012440C42764BE2C00676D03 /* SettingsHeader.swift */,
				012440C52764BE2C00676D03 /* SettingsUnitMeasureCell.swift */,
				012440C62764BE2C00676D03 /* StepsScreenSettings.swift */,
				012440C72764BE2C00676D03 /* SettingsDailyGoalCell.swift */,
				012440C82764BE2C00676D03 /* SettingsIconsCell.swift */,
				012440C92764BE2C00676D03 /* SettingsThemesCell.swift */,
			);
			path = SettingsScreen;
			sourceTree = "<group>";
		};
		014F5F97272D9F280058132F /* AuthorizationVCs */ = {
			isa = PBXGroup;
			children = (
				014F5F98272D9F880058132F /* AuthorizationViewController.swift */,
				014F5F9A272D9F990058132F /* LoginViewController.swift */,
				014F5F9C272D9FAE0058132F /* SignUpViewController.swift */,
			);
			path = AuthorizationVCs;
			sourceTree = "<group>";
		};
		01651A2E27120D2D00DC9391 = {
			isa = PBXGroup;
			children = (
				01651A3927120D2D00DC9391 /* StepperApp */,
				01651A3827120D2D00DC9391 /* Products */,
				7F695EEC87C4F13BB1496FA7 /* Pods */,
				1A219C7BD864A22EE30861FF /* Frameworks */,
				A19E9EA52760F749009576A1 /* Recovered References */,
			);
			sourceTree = "<group>";
		};
		01651A3827120D2D00DC9391 /* Products */ = {
			isa = PBXGroup;
			children = (
				01651A3727120D2D00DC9391 /* StepperApp.app */,
			);
			name = Products;
			sourceTree = "<group>";
		};
		01651A3927120D2D00DC9391 /* StepperApp */ = {
			isa = PBXGroup;
			children = (
				A17AB33D274D07BF007EC89F /* GoogleService-Info.plist */,
				A15C4D83274195AA005FF7EF /* StepperApp.entitlements */,
				01651A3A27120D2D00DC9391 /* AppDelegate.swift */,
				014F5F95272D9E960058132F /* TabBarControllerFunc.swift */,
				A187114327418553001DFAE7 /* Helpers */,
				01A6B2C92734450600D16DF9 /* Scenes */,
				0172EABC27242F3200DE1779 /* Services */,
				01A6B2CA2734454F00D16DF9 /* Models */,
				014F5F97272D9F280058132F /* AuthorizationVCs */,
				01A6B2CB273445D800D16DF9 /* Support */,
			);
			path = StepperApp;
			sourceTree = "<group>";
		};
		0172EABC27242F3200DE1779 /* Services */ = {
			isa = PBXGroup;
			children = (
				A1223E53276610BD006312D6 /* PedometerService.swift */,
				0172EABD27242F7000DE1779 /* StepsService.swift */,
				0BD1511B2740176800F15800 /* ProfileService.swift */,
				A17AB33F274D3DAB007EC89F /* AuthService.swift */,
				A153C5462753D7BA00F9871E /* UsersService.swift */,
				A1548E23275945710017BDA4 /* ImageLoaderService.swift */,
				A1BBC543275F7C91009BFD17 /* FriendsService.swift */,
			);
			path = Services;
			sourceTree = "<group>";
		};
		01A6B2C92734450600D16DF9 /* Scenes */ = {
			isa = PBXGroup;
			children = (
				A19E9EA82760F797009576A1 /* StepsViewController */,
				A13BD973274448380030F984 /* CompetitionViewController */,
				A165E283274419770002A973 /* ProfileViewController */,
				A187113C274184A8001DFAE7 /* FriendsViewController */,
			);
			path = Scenes;
			sourceTree = "<group>";
		};
		01A6B2CA2734454F00D16DF9 /* Models */ = {
			isa = PBXGroup;
			children = (
				012440D82764BE7D00676D03 /* StepsModels.swift */,
				A13BD97E274448F10030F984 /* CompetitionModels.swift */,
				A1160099275B9697000A5518 /* UserModel.swift */,
			);
			path = Models;
			sourceTree = "<group>";
		};
		01A6B2CB273445D800D16DF9 /* Support */ = {
			isa = PBXGroup;
			children = (
				01651A4327120D2E00DC9391 /* Assets.xcassets */,
				01651A4527120D2E00DC9391 /* LaunchScreen.storyboard */,
				01651A4827120D2E00DC9391 /* Info.plist */,
			);
			path = Support;
			sourceTree = "<group>";
		};
		1A219C7BD864A22EE30861FF /* Frameworks */ = {
			isa = PBXGroup;
			children = (
				A15C4D84274195BB005FF7EF /* HealthKit.framework */,
				7A924E68D2EAE87E9BC99EBB /* Pods_StepperApp.framework */,
			);
			name = Frameworks;
			sourceTree = "<group>";
		};
		7F695EEC87C4F13BB1496FA7 /* Pods */ = {
			isa = PBXGroup;
			children = (
				CB9D39384BA8490515AF5B40 /* Pods-StepperApp.debug.xcconfig */,
				5FF80AFC5EDDD5F3380FACE8 /* Pods-StepperApp.release.xcconfig */,
			);
			path = Pods;
			sourceTree = "<group>";
		};
		A13BD973274448380030F984 /* CompetitionViewController */ = {
			isa = PBXGroup;
			children = (
				A1223E4C27660D9D006312D6 /* AddNewCompetitionViewController.swift */,
				01F7D4B3274AA2D4007676CC /* HeaderCollectionReusableView.swift */,
				A13BD974274448380030F984 /* CompetitionViewController.swift */,
				A13BD980274449380030F984 /* EachCompetitionViewController.swift */,
				A13BD976274448380030F984 /* CompetitionViewCell.swift */,
			);
			path = CompetitionViewController;
			sourceTree = "<group>";
		};
		A165E283274419770002A973 /* ProfileViewController */ = {
			isa = PBXGroup;
			children = (
				A165E284274419770002A973 /* ProfileViewController.swift */,
			);
			path = ProfileViewController;
			sourceTree = "<group>";
		};
		A187113C274184A8001DFAE7 /* FriendsViewController */ = {
			isa = PBXGroup;
			children = (
				A1223E4E27660DA9006312D6 /* NewFriendViewController.swift */,
				01F7D4B5274AA2FD007676CC /* EachFriendViewController.swift */,
				A187113D274184A8001DFAE7 /* FriendsListViewController.swift */,
				A187113E274184A8001DFAE7 /* FriendsListCollectionViewCell.swift */,
				01B105BC2768B80100FA1C1D /* FriendsCompetitionsCell.swift */,
			);
			path = FriendsViewController;
			sourceTree = "<group>";
		};
		A187114327418553001DFAE7 /* Helpers */ = {
			isa = PBXGroup;
			children = (
				A1223E5027660ECD006312D6 /* CustomErrors.swift */,
				A19E9EA62760F77B009576A1 /* UserDefaults.swift */,
				012440BF2764BDFB00676D03 /* CalendarISO8601.swift */,
				012440BD2764BDF300676D03 /* CircleAndRoundedViews.swift */,
				012440FD2765199B00676D03 /* CustomErrors.swift */,
				012440C12764BE0400676D03 /* IntSeparatorExtension.swift */,
				A13BD97A2744484A0030F984 /* HexColor.swift */,
				A165E287274419880002A973 /* ErrorTextField.swift */,
				A165E286274419880002A973 /* TextValidation.swift */,
				A162C10127451F8F00C1D2BF /* BalloonMarker.swift */,
				01F7D4B7274BF146007676CC /* StepColor.swift */,
				A1160097275B93C0000A5518 /* UserConvector.swift */,
				A116009B275EB911000A5518 /* ConvertBrithDayToAge.swift */,
				012440DA2764FEA400676D03 /* LockedImage.swift */,
			);
			name = Helpers;
			path = StepperApp/Helpers;
			sourceTree = SOURCE_ROOT;
		};
		A19E9EA52760F749009576A1 /* Recovered References */ = {
			isa = PBXGroup;
			children = (
				0BA0CDB22743D20A00CC7E68 /* TextValidation.swift */,
				A124C80F27241D8B00540595 /* WeekChartViewController.swift */,
				0BA0CDAB2743CFBE00CC7E68 /* StepsViewController.swift */,
				012440D42764BE5300676D03 /* NewFriendViewController.swift */,
				012440D22764BE4600676D03 /* AddNewCompetitionViewController.swift */,
			);
			name = "Recovered References";
			sourceTree = "<group>";
		};
		A19E9EA82760F797009576A1 /* StepsViewController */ = {
			isa = PBXGroup;
			children = (
				012440C32764BE2C00676D03 /* SettingsScreen */,
				A19E9EA92760F797009576A1 /* StepsViewController.swift */,
				A19E9EAA2760F797009576A1 /* WeekChartViewController.swift */,
				012440D02764BE3300676D03 /* CalendarViewController.swift */,
				011640A627677EDC002E1608 /* SwipeChartCell.swift */,
			);
			path = StepsViewController;
			sourceTree = "<group>";
		};
/* End PBXGroup section */

/* Begin PBXNativeTarget section */
		01651A3627120D2D00DC9391 /* StepperApp */ = {
			isa = PBXNativeTarget;
			buildConfigurationList = 01651A4B27120D2E00DC9391 /* Build configuration list for PBXNativeTarget "StepperApp" */;
			buildPhases = (
				2E81756311D603F04CA23B67 /* [CP] Check Pods Manifest.lock */,
				01651A3327120D2D00DC9391 /* Sources */,
				01651A3427120D2D00DC9391 /* Frameworks */,
				01651A3527120D2D00DC9391 /* Resources */,
				0E938D0152E389BB02994290 /* [CP] Embed Pods Frameworks */,
			);
			buildRules = (
			);
			dependencies = (
			);
			name = StepperApp;
			productName = StepperApp;
			productReference = 01651A3727120D2D00DC9391 /* StepperApp.app */;
			productType = "com.apple.product-type.application";
		};
/* End PBXNativeTarget section */

/* Begin PBXProject section */
		01651A2F27120D2D00DC9391 /* Project object */ = {
			isa = PBXProject;
			attributes = {
				BuildIndependentTargetsInParallel = 1;
				LastSwiftUpdateCheck = 1300;
				LastUpgradeCheck = 1300;
				TargetAttributes = {
					01651A3627120D2D00DC9391 = {
						CreatedOnToolsVersion = 13.0;
					};
				};
			};
			buildConfigurationList = 01651A3227120D2D00DC9391 /* Build configuration list for PBXProject "StepperApp" */;
			compatibilityVersion = "Xcode 12.0";
			developmentRegion = en;
			hasScannedForEncodings = 0;
			knownRegions = (
				en,
				Base,
			);
			mainGroup = 01651A2E27120D2D00DC9391;
			productRefGroup = 01651A3827120D2D00DC9391 /* Products */;
			projectDirPath = "";
			projectRoot = "";
			targets = (
				01651A3627120D2D00DC9391 /* StepperApp */,
			);
		};
/* End PBXProject section */

/* Begin PBXResourcesBuildPhase section */
		01651A3527120D2D00DC9391 /* Resources */ = {
			isa = PBXResourcesBuildPhase;
			buildActionMask = 2147483647;
			files = (
				01651A4727120D2E00DC9391 /* LaunchScreen.storyboard in Resources */,
				01651A4427120D2E00DC9391 /* Assets.xcassets in Resources */,
				A17AB33E274D07BF007EC89F /* GoogleService-Info.plist in Resources */,
			);
			runOnlyForDeploymentPostprocessing = 0;
		};
/* End PBXResourcesBuildPhase section */

/* Begin PBXShellScriptBuildPhase section */
		0E938D0152E389BB02994290 /* [CP] Embed Pods Frameworks */ = {
			isa = PBXShellScriptBuildPhase;
			buildActionMask = 2147483647;
			files = (
			);
			inputFileListPaths = (
				"${PODS_ROOT}/Target Support Files/Pods-StepperApp/Pods-StepperApp-frameworks-${CONFIGURATION}-input-files.xcfilelist",
			);
			name = "[CP] Embed Pods Frameworks";
			outputFileListPaths = (
				"${PODS_ROOT}/Target Support Files/Pods-StepperApp/Pods-StepperApp-frameworks-${CONFIGURATION}-output-files.xcfilelist",
			);
			runOnlyForDeploymentPostprocessing = 0;
			shellPath = /bin/sh;
			shellScript = "\"${PODS_ROOT}/Target Support Files/Pods-StepperApp/Pods-StepperApp-frameworks.sh\"\n";
			showEnvVarsInLog = 0;
		};
		2E81756311D603F04CA23B67 /* [CP] Check Pods Manifest.lock */ = {
			isa = PBXShellScriptBuildPhase;
			buildActionMask = 2147483647;
			files = (
			);
			inputFileListPaths = (
			);
			inputPaths = (
				"${PODS_PODFILE_DIR_PATH}/Podfile.lock",
				"${PODS_ROOT}/Manifest.lock",
			);
			name = "[CP] Check Pods Manifest.lock";
			outputFileListPaths = (
			);
			outputPaths = (
				"$(DERIVED_FILE_DIR)/Pods-StepperApp-checkManifestLockResult.txt",
			);
			runOnlyForDeploymentPostprocessing = 0;
			shellPath = /bin/sh;
			shellScript = "diff \"${PODS_PODFILE_DIR_PATH}/Podfile.lock\" \"${PODS_ROOT}/Manifest.lock\" > /dev/null\nif [ $? != 0 ] ; then\n    # print error to STDERR\n    echo \"error: The sandbox is not in sync with the Podfile.lock. Run 'pod install' or update your CocoaPods installation.\" >&2\n    exit 1\nfi\n# This output is used by Xcode 'outputs' to avoid re-running this script phase.\necho \"SUCCESS\" > \"${SCRIPT_OUTPUT_FILE_0}\"\n";
			showEnvVarsInLog = 0;
		};
/* End PBXShellScriptBuildPhase section */

/* Begin PBXSourcesBuildPhase section */
		01651A3327120D2D00DC9391 /* Sources */ = {
			isa = PBXSourcesBuildPhase;
			buildActionMask = 2147483647;
			files = (
				A13BD977274448380030F984 /* CompetitionViewController.swift in Sources */,
				01F7D4B8274BF146007676CC /* StepColor.swift in Sources */,
				011640A727677EDC002E1608 /* SwipeChartCell.swift in Sources */,
				A13BD97F274448F10030F984 /* CompetitionModels.swift in Sources */,
				014F5F9B272D9F990058132F /* LoginViewController.swift in Sources */,
				014F5F99272D9F880058132F /* AuthorizationViewController.swift in Sources */,
				012440DB2764FEA500676D03 /* LockedImage.swift in Sources */,
				A1223E4D27660D9D006312D6 /* AddNewCompetitionViewController.swift in Sources */,
				A1223E5127660ECD006312D6 /* CustomErrors.swift in Sources */,
				01B105BD2768B80200FA1C1D /* FriendsCompetitionsCell.swift in Sources */,
				A116009C275EB911000A5518 /* ConvertBrithDayToAge.swift in Sources */,
				A1871140274184A8001DFAE7 /* FriendsListCollectionViewCell.swift in Sources */,
				A17AB340274D3DAB007EC89F /* AuthService.swift in Sources */,
				A13BD97B2744484A0030F984 /* HexColor.swift in Sources */,
				01F7D4B4274AA2D4007676CC /* HeaderCollectionReusableView.swift in Sources */,
				A19E9EAC2760F797009576A1 /* WeekChartViewController.swift in Sources */,
				A1223E54276610BD006312D6 /* PedometerService.swift in Sources */,
				014F5F96272D9E960058132F /* TabBarControllerFunc.swift in Sources */,
				A165E285274419770002A973 /* ProfileViewController.swift in Sources */,
				A153C5472753D7BA00F9871E /* UsersService.swift in Sources */,
				A165E289274419880002A973 /* ErrorTextField.swift in Sources */,
				012440C02764BDFB00676D03 /* CalendarISO8601.swift in Sources */,
				A165E288274419880002A973 /* TextValidation.swift in Sources */,
				0172EABE27242F7000DE1779 /* StepsService.swift in Sources */,
				A187113F274184A8001DFAE7 /* FriendsListViewController.swift in Sources */,
				A162C10227451F8F00C1D2BF /* BalloonMarker.swift in Sources */,
				A13BD981274449380030F984 /* EachCompetitionViewController.swift in Sources */,
				A1223E4F27660DA9006312D6 /* NewFriendViewController.swift in Sources */,
				A19E9EAB2760F797009576A1 /* StepsViewController.swift in Sources */,
				A1160098275B93C0000A5518 /* UserConvector.swift in Sources */,
				012440CA2764BE2C00676D03 /* SettingsHeader.swift in Sources */,
				012440BE2764BDF300676D03 /* CircleAndRoundedViews.swift in Sources */,
				A1548E24275945710017BDA4 /* ImageLoaderService.swift in Sources */,
				A116009A275B9697000A5518 /* UserModel.swift in Sources */,
				012440CE2764BE2C00676D03 /* SettingsIconsCell.swift in Sources */,
				012440CD2764BE2C00676D03 /* SettingsDailyGoalCell.swift in Sources */,
				012440CB2764BE2C00676D03 /* SettingsUnitMeasureCell.swift in Sources */,
				012440CF2764BE2C00676D03 /* SettingsThemesCell.swift in Sources */,
				014F5F9D272D9FAE0058132F /* SignUpViewController.swift in Sources */,
				012440FE2765199C00676D03 /* CustomErrors.swift in Sources */,
				012440CC2764BE2C00676D03 /* StepsScreenSettings.swift in Sources */,
				01651A3B27120D2D00DC9391 /* AppDelegate.swift in Sources */,
				A13BD979274448380030F984 /* CompetitionViewCell.swift in Sources */,
				012440D12764BE3300676D03 /* CalendarViewController.swift in Sources */,
				012440C22764BE0400676D03 /* IntSeparatorExtension.swift in Sources */,
				A19E9EA72760F77B009576A1 /* UserDefaults.swift in Sources */,
				A1BBC544275F7C91009BFD17 /* FriendsService.swift in Sources */,
				0BD1511C2740176800F15800 /* ProfileService.swift in Sources */,
				01F7D4B6274AA2FD007676CC /* EachFriendViewController.swift in Sources */,
				012440D92764BE7D00676D03 /* StepsModels.swift in Sources */,
			);
			runOnlyForDeploymentPostprocessing = 0;
		};
/* End PBXSourcesBuildPhase section */

/* Begin PBXVariantGroup section */
		01651A4527120D2E00DC9391 /* LaunchScreen.storyboard */ = {
			isa = PBXVariantGroup;
			children = (
				01651A4627120D2E00DC9391 /* Base */,
			);
			name = LaunchScreen.storyboard;
			sourceTree = "<group>";
		};
/* End PBXVariantGroup section */

/* Begin XCBuildConfiguration section */
		01651A4927120D2E00DC9391 /* Debug */ = {
			isa = XCBuildConfiguration;
			buildSettings = {
				ALWAYS_SEARCH_USER_PATHS = NO;
				CLANG_ANALYZER_NONNULL = YES;
				CLANG_ANALYZER_NUMBER_OBJECT_CONVERSION = YES_AGGRESSIVE;
				CLANG_CXX_LANGUAGE_STANDARD = "gnu++17";
				CLANG_CXX_LIBRARY = "libc++";
				CLANG_ENABLE_MODULES = YES;
				CLANG_ENABLE_OBJC_ARC = YES;
				CLANG_ENABLE_OBJC_WEAK = YES;
				CLANG_WARN_BLOCK_CAPTURE_AUTORELEASING = YES;
				CLANG_WARN_BOOL_CONVERSION = YES;
				CLANG_WARN_COMMA = YES;
				CLANG_WARN_CONSTANT_CONVERSION = YES;
				CLANG_WARN_DEPRECATED_OBJC_IMPLEMENTATIONS = YES;
				CLANG_WARN_DIRECT_OBJC_ISA_USAGE = YES_ERROR;
				CLANG_WARN_DOCUMENTATION_COMMENTS = YES;
				CLANG_WARN_EMPTY_BODY = YES;
				CLANG_WARN_ENUM_CONVERSION = YES;
				CLANG_WARN_INFINITE_RECURSION = YES;
				CLANG_WARN_INT_CONVERSION = YES;
				CLANG_WARN_NON_LITERAL_NULL_CONVERSION = YES;
				CLANG_WARN_OBJC_IMPLICIT_RETAIN_SELF = YES;
				CLANG_WARN_OBJC_LITERAL_CONVERSION = YES;
				CLANG_WARN_OBJC_ROOT_CLASS = YES_ERROR;
				CLANG_WARN_QUOTED_INCLUDE_IN_FRAMEWORK_HEADER = YES;
				CLANG_WARN_RANGE_LOOP_ANALYSIS = YES;
				CLANG_WARN_STRICT_PROTOTYPES = YES;
				CLANG_WARN_SUSPICIOUS_MOVE = YES;
				CLANG_WARN_UNGUARDED_AVAILABILITY = YES_AGGRESSIVE;
				CLANG_WARN_UNREACHABLE_CODE = YES;
				CLANG_WARN__DUPLICATE_METHOD_MATCH = YES;
				COPY_PHASE_STRIP = NO;
				DEBUG_INFORMATION_FORMAT = dwarf;
				ENABLE_STRICT_OBJC_MSGSEND = YES;
				ENABLE_TESTABILITY = YES;
				GCC_C_LANGUAGE_STANDARD = gnu11;
				GCC_DYNAMIC_NO_PIC = NO;
				GCC_NO_COMMON_BLOCKS = YES;
				GCC_OPTIMIZATION_LEVEL = 0;
				GCC_PREPROCESSOR_DEFINITIONS = (
					"DEBUG=1",
					"$(inherited)",
				);
				GCC_WARN_64_TO_32_BIT_CONVERSION = YES;
				GCC_WARN_ABOUT_RETURN_TYPE = YES_ERROR;
				GCC_WARN_UNDECLARED_SELECTOR = YES;
				GCC_WARN_UNINITIALIZED_AUTOS = YES_AGGRESSIVE;
				GCC_WARN_UNUSED_FUNCTION = YES;
				GCC_WARN_UNUSED_VARIABLE = YES;
				IPHONEOS_DEPLOYMENT_TARGET = 15.0;
				MTL_ENABLE_DEBUG_INFO = INCLUDE_SOURCE;
				MTL_FAST_MATH = YES;
				ONLY_ACTIVE_ARCH = YES;
				SDKROOT = iphoneos;
				SWIFT_ACTIVE_COMPILATION_CONDITIONS = DEBUG;
				SWIFT_OPTIMIZATION_LEVEL = "-Onone";
			};
			name = Debug;
		};
		01651A4A27120D2E00DC9391 /* Release */ = {
			isa = XCBuildConfiguration;
			buildSettings = {
				ALWAYS_SEARCH_USER_PATHS = NO;
				CLANG_ANALYZER_NONNULL = YES;
				CLANG_ANALYZER_NUMBER_OBJECT_CONVERSION = YES_AGGRESSIVE;
				CLANG_CXX_LANGUAGE_STANDARD = "gnu++17";
				CLANG_CXX_LIBRARY = "libc++";
				CLANG_ENABLE_MODULES = YES;
				CLANG_ENABLE_OBJC_ARC = YES;
				CLANG_ENABLE_OBJC_WEAK = YES;
				CLANG_WARN_BLOCK_CAPTURE_AUTORELEASING = YES;
				CLANG_WARN_BOOL_CONVERSION = YES;
				CLANG_WARN_COMMA = YES;
				CLANG_WARN_CONSTANT_CONVERSION = YES;
				CLANG_WARN_DEPRECATED_OBJC_IMPLEMENTATIONS = YES;
				CLANG_WARN_DIRECT_OBJC_ISA_USAGE = YES_ERROR;
				CLANG_WARN_DOCUMENTATION_COMMENTS = YES;
				CLANG_WARN_EMPTY_BODY = YES;
				CLANG_WARN_ENUM_CONVERSION = YES;
				CLANG_WARN_INFINITE_RECURSION = YES;
				CLANG_WARN_INT_CONVERSION = YES;
				CLANG_WARN_NON_LITERAL_NULL_CONVERSION = YES;
				CLANG_WARN_OBJC_IMPLICIT_RETAIN_SELF = YES;
				CLANG_WARN_OBJC_LITERAL_CONVERSION = YES;
				CLANG_WARN_OBJC_ROOT_CLASS = YES_ERROR;
				CLANG_WARN_QUOTED_INCLUDE_IN_FRAMEWORK_HEADER = YES;
				CLANG_WARN_RANGE_LOOP_ANALYSIS = YES;
				CLANG_WARN_STRICT_PROTOTYPES = YES;
				CLANG_WARN_SUSPICIOUS_MOVE = YES;
				CLANG_WARN_UNGUARDED_AVAILABILITY = YES_AGGRESSIVE;
				CLANG_WARN_UNREACHABLE_CODE = YES;
				CLANG_WARN__DUPLICATE_METHOD_MATCH = YES;
				COPY_PHASE_STRIP = NO;
				DEBUG_INFORMATION_FORMAT = "dwarf-with-dsym";
				ENABLE_NS_ASSERTIONS = NO;
				ENABLE_STRICT_OBJC_MSGSEND = YES;
				GCC_C_LANGUAGE_STANDARD = gnu11;
				GCC_NO_COMMON_BLOCKS = YES;
				GCC_WARN_64_TO_32_BIT_CONVERSION = YES;
				GCC_WARN_ABOUT_RETURN_TYPE = YES_ERROR;
				GCC_WARN_UNDECLARED_SELECTOR = YES;
				GCC_WARN_UNINITIALIZED_AUTOS = YES_AGGRESSIVE;
				GCC_WARN_UNUSED_FUNCTION = YES;
				GCC_WARN_UNUSED_VARIABLE = YES;
				IPHONEOS_DEPLOYMENT_TARGET = 15.0;
				MTL_ENABLE_DEBUG_INFO = NO;
				MTL_FAST_MATH = YES;
				SDKROOT = iphoneos;
				SWIFT_COMPILATION_MODE = wholemodule;
				SWIFT_OPTIMIZATION_LEVEL = "-Onone";
				VALIDATE_PRODUCT = YES;
			};
			name = Release;
		};
		01651A4C27120D2E00DC9391 /* Debug */ = {
			isa = XCBuildConfiguration;
			baseConfigurationReference = CB9D39384BA8490515AF5B40 /* Pods-StepperApp.debug.xcconfig */;
			buildSettings = {
				ASSETCATALOG_COMPILER_APPICON_NAME = green_on_white;
				ASSETCATALOG_COMPILER_GLOBAL_ACCENT_COLOR_NAME = AccentColor;
				CODE_SIGN_ALLOW_ENTITLEMENTS_MODIFICATION = YES;
				CODE_SIGN_ENTITLEMENTS = StepperApp/StepperApp.entitlements;
				CODE_SIGN_IDENTITY = "Apple Development";
				CODE_SIGN_STYLE = Automatic;
				CURRENT_PROJECT_VERSION = 1;
				DEVELOPMENT_TEAM = 37UJALBQ5X;
				GENERATE_INFOPLIST_FILE = YES;
				INFOPLIST_FILE = StepperApp/Support/Info.plist;
				INFOPLIST_KEY_NSHealthShareUsageDescription = "This app requires to access your health data";
				INFOPLIST_KEY_NSHealthUpdateUsageDescription = "This app requires to access your healt data";
				INFOPLIST_KEY_NSMotionUsageDescription = "This app requires to access your health data";
				INFOPLIST_KEY_UIApplicationSupportsIndirectInputEvents = YES;
				INFOPLIST_KEY_UILaunchStoryboardName = LaunchScreen;
				INFOPLIST_KEY_UISupportedInterfaceOrientations = UIInterfaceOrientationPortrait;
				INFOPLIST_KEY_UISupportedInterfaceOrientations_iPad = "UIInterfaceOrientationPortrait UIInterfaceOrientationPortraitUpsideDown UIInterfaceOrientationLandscapeLeft UIInterfaceOrientationLandscapeRight";
				INFOPLIST_KEY_UISupportedInterfaceOrientations_iPhone = "UIInterfaceOrientationPortrait UIInterfaceOrientationLandscapeLeft UIInterfaceOrientationLandscapeRight";
				INFOPLIST_KEY_UIUserInterfaceStyle = Light;
				IPHONEOS_DEPLOYMENT_TARGET = 13.0;
				LD_RUNPATH_SEARCH_PATHS = (
					"$(inherited)",
					"@executable_path/Frameworks",
				);
				MARKETING_VERSION = 1.0;
				PRODUCT_BUNDLE_IDENTIFIER = com.stepteam.stepbeat1;
				PRODUCT_NAME = "$(TARGET_NAME)";
				PROVISIONING_PROFILE_SPECIFIER = "";
				SWIFT_EMIT_LOC_STRINGS = YES;
				SWIFT_VERSION = 5.0;
				TARGETED_DEVICE_FAMILY = 1;
			};
			name = Debug;
		};
		01651A4D27120D2E00DC9391 /* Release */ = {
			isa = XCBuildConfiguration;
			baseConfigurationReference = 5FF80AFC5EDDD5F3380FACE8 /* Pods-StepperApp.release.xcconfig */;
			buildSettings = {
				ASSETCATALOG_COMPILER_APPICON_NAME = green_on_white;
				ASSETCATALOG_COMPILER_GLOBAL_ACCENT_COLOR_NAME = AccentColor;
				CODE_SIGN_ALLOW_ENTITLEMENTS_MODIFICATION = YES;
				CODE_SIGN_ENTITLEMENTS = StepperApp/StepperApp.entitlements;
				CODE_SIGN_IDENTITY = "Apple Development";
				CODE_SIGN_STYLE = Automatic;
				CURRENT_PROJECT_VERSION = 1;
				DEVELOPMENT_TEAM = 37UJALBQ5X;
				GENERATE_INFOPLIST_FILE = YES;
				INFOPLIST_FILE = StepperApp/Support/Info.plist;
				INFOPLIST_KEY_NSHealthShareUsageDescription = "This app requires to access your health data";
				INFOPLIST_KEY_NSHealthUpdateUsageDescription = "This app requires to access your healt data";
				INFOPLIST_KEY_NSMotionUsageDescription = "This app requires to access your health data";
				INFOPLIST_KEY_UIApplicationSupportsIndirectInputEvents = YES;
				INFOPLIST_KEY_UILaunchStoryboardName = LaunchScreen;
				INFOPLIST_KEY_UISupportedInterfaceOrientations = UIInterfaceOrientationPortrait;
				INFOPLIST_KEY_UISupportedInterfaceOrientations_iPad = "UIInterfaceOrientationPortrait UIInterfaceOrientationPortraitUpsideDown UIInterfaceOrientationLandscapeLeft UIInterfaceOrientationLandscapeRight";
				INFOPLIST_KEY_UISupportedInterfaceOrientations_iPhone = "UIInterfaceOrientationPortrait UIInterfaceOrientationLandscapeLeft UIInterfaceOrientationLandscapeRight";
				INFOPLIST_KEY_UIUserInterfaceStyle = Light;
				IPHONEOS_DEPLOYMENT_TARGET = 13.0;
				LD_RUNPATH_SEARCH_PATHS = (
					"$(inherited)",
					"@executable_path/Frameworks",
				);
				MARKETING_VERSION = 1.0;
				PRODUCT_BUNDLE_IDENTIFIER = com.stepteam.stepbeat1;
				PRODUCT_NAME = "$(TARGET_NAME)";
				PROVISIONING_PROFILE_SPECIFIER = "";
				SWIFT_EMIT_LOC_STRINGS = YES;
				SWIFT_VERSION = 5.0;
				TARGETED_DEVICE_FAMILY = 1;
			};
			name = Release;
		};
/* End XCBuildConfiguration section */

/* Begin XCConfigurationList section */
		01651A3227120D2D00DC9391 /* Build configuration list for PBXProject "StepperApp" */ = {
			isa = XCConfigurationList;
			buildConfigurations = (
				01651A4927120D2E00DC9391 /* Debug */,
				01651A4A27120D2E00DC9391 /* Release */,
			);
			defaultConfigurationIsVisible = 0;
			defaultConfigurationName = Release;
		};
		01651A4B27120D2E00DC9391 /* Build configuration list for PBXNativeTarget "StepperApp" */ = {
			isa = XCConfigurationList;
			buildConfigurations = (
				01651A4C27120D2E00DC9391 /* Debug */,
				01651A4D27120D2E00DC9391 /* Release */,
			);
			defaultConfigurationIsVisible = 0;
			defaultConfigurationName = Release;
		};
/* End XCConfigurationList section */
	};
	rootObject = 01651A2F27120D2D00DC9391 /* Project object */;
}
