// !$*UTF8*$!
{
	archiveVersion = 1;
	classes = {
	};
	objectVersion = 54;
	objects = {

/* Begin PBXBuildFile section */
		014F5F96272D9E960058132F /* TabBarControllerFunc.swift in Sources */ = {isa = PBXBuildFile; fileRef = 014F5F95272D9E960058132F /* TabBarControllerFunc.swift */; };
		014F5F99272D9F880058132F /* AuthorizationViewController.swift in Sources */ = {isa = PBXBuildFile; fileRef = 014F5F98272D9F880058132F /* AuthorizationViewController.swift */; };
		014F5F9B272D9F990058132F /* LoginViewController.swift in Sources */ = {isa = PBXBuildFile; fileRef = 014F5F9A272D9F990058132F /* LoginViewController.swift */; };
		014F5F9D272D9FAE0058132F /* SignUpViewController.swift in Sources */ = {isa = PBXBuildFile; fileRef = 014F5F9C272D9FAE0058132F /* SignUpViewController.swift */; };
		01651A3B27120D2D00DC9391 /* AppDelegate.swift in Sources */ = {isa = PBXBuildFile; fileRef = 01651A3A27120D2D00DC9391 /* AppDelegate.swift */; };
		01651A3F27120D2D00DC9391 /* StepsViewController.swift in Sources */ = {isa = PBXBuildFile; fileRef = 01651A3E27120D2D00DC9391 /* StepsViewController.swift */; };
		01651A4427120D2E00DC9391 /* Assets.xcassets in Resources */ = {isa = PBXBuildFile; fileRef = 01651A4327120D2E00DC9391 /* Assets.xcassets */; };
		01651A4727120D2E00DC9391 /* LaunchScreen.storyboard in Resources */ = {isa = PBXBuildFile; fileRef = 01651A4527120D2E00DC9391 /* LaunchScreen.storyboard */; };
		01651A4F2712131400DC9391 /* ProfileViewController.swift in Sources */ = {isa = PBXBuildFile; fileRef = 01651A4E2712131400DC9391 /* ProfileViewController.swift */; };
		01651A512712134000DC9391 /* FriendsListViewController.swift in Sources */ = {isa = PBXBuildFile; fileRef = 01651A502712134000DC9391 /* FriendsListViewController.swift */; };
		01651A532712137100DC9391 /* ChallengeViewController.swift in Sources */ = {isa = PBXBuildFile; fileRef = 01651A522712137100DC9391 /* ChallengeViewController.swift */; };
		0172EABE27242F7000DE1779 /* StepsService.swift in Sources */ = {isa = PBXBuildFile; fileRef = 0172EABD27242F7000DE1779 /* StepsService.swift */; };
		0172EAC12724318C00DE1779 /* SteppingDay.swift in Sources */ = {isa = PBXBuildFile; fileRef = 0172EAC02724318C00DE1779 /* SteppingDay.swift */; };
		0172EAC52724335900DE1779 /* SteppingWeek.swift in Sources */ = {isa = PBXBuildFile; fileRef = 0172EAC42724335900DE1779 /* SteppingWeek.swift */; };
		3A59D2C09ADB9AA1AAE377E2 /* Pods_StepperApp.framework in Frameworks */ = {isa = PBXBuildFile; fileRef = 7A924E68D2EAE87E9BC99EBB /* Pods_StepperApp.framework */; };
		A124C81027241D8B00540595 /* WeekChartViewController.swift in Sources */ = {isa = PBXBuildFile; fileRef = A124C80F27241D8B00540595 /* WeekChartViewController.swift */; };
/* End PBXBuildFile section */

/* Begin PBXFileReference section */
		014F5F95272D9E960058132F /* TabBarControllerFunc.swift */ = {isa = PBXFileReference; lastKnownFileType = sourcecode.swift; path = TabBarControllerFunc.swift; sourceTree = "<group>"; };
		014F5F98272D9F880058132F /* AuthorizationViewController.swift */ = {isa = PBXFileReference; lastKnownFileType = sourcecode.swift; path = AuthorizationViewController.swift; sourceTree = "<group>"; };
		014F5F9A272D9F990058132F /* LoginViewController.swift */ = {isa = PBXFileReference; lastKnownFileType = sourcecode.swift; path = LoginViewController.swift; sourceTree = "<group>"; };
		014F5F9C272D9FAE0058132F /* SignUpViewController.swift */ = {isa = PBXFileReference; lastKnownFileType = sourcecode.swift; path = SignUpViewController.swift; sourceTree = "<group>"; };
		01651A3727120D2D00DC9391 /* StepperApp.app */ = {isa = PBXFileReference; explicitFileType = wrapper.application; includeInIndex = 0; path = StepperApp.app; sourceTree = BUILT_PRODUCTS_DIR; };
		01651A3A27120D2D00DC9391 /* AppDelegate.swift */ = {isa = PBXFileReference; lastKnownFileType = sourcecode.swift; path = AppDelegate.swift; sourceTree = "<group>"; };
		01651A3E27120D2D00DC9391 /* StepsViewController.swift */ = {isa = PBXFileReference; lastKnownFileType = sourcecode.swift; path = StepsViewController.swift; sourceTree = "<group>"; };
		01651A4327120D2E00DC9391 /* Assets.xcassets */ = {isa = PBXFileReference; lastKnownFileType = folder.assetcatalog; path = Assets.xcassets; sourceTree = "<group>"; };
		01651A4627120D2E00DC9391 /* Base */ = {isa = PBXFileReference; lastKnownFileType = file.storyboard; name = Base; path = Base.lproj/LaunchScreen.storyboard; sourceTree = "<group>"; };
		01651A4827120D2E00DC9391 /* Info.plist */ = {isa = PBXFileReference; lastKnownFileType = text.plist.xml; path = Info.plist; sourceTree = "<group>"; };
		01651A4E2712131400DC9391 /* ProfileViewController.swift */ = {isa = PBXFileReference; lastKnownFileType = sourcecode.swift; path = ProfileViewController.swift; sourceTree = "<group>"; };
		01651A502712134000DC9391 /* FriendsListViewController.swift */ = {isa = PBXFileReference; lastKnownFileType = sourcecode.swift; path = FriendsListViewController.swift; sourceTree = "<group>"; };
		01651A522712137100DC9391 /* ChallengeViewController.swift */ = {isa = PBXFileReference; lastKnownFileType = sourcecode.swift; path = ChallengeViewController.swift; sourceTree = "<group>"; };
		0172EABD27242F7000DE1779 /* StepsService.swift */ = {isa = PBXFileReference; lastKnownFileType = sourcecode.swift; path = StepsService.swift; sourceTree = "<group>"; };
		0172EAC02724318C00DE1779 /* SteppingDay.swift */ = {isa = PBXFileReference; lastKnownFileType = sourcecode.swift; path = SteppingDay.swift; sourceTree = "<group>"; };
		0172EAC42724335900DE1779 /* SteppingWeek.swift */ = {isa = PBXFileReference; lastKnownFileType = sourcecode.swift; path = SteppingWeek.swift; sourceTree = "<group>"; };
		5FF80AFC5EDDD5F3380FACE8 /* Pods-StepperApp.release.xcconfig */ = {isa = PBXFileReference; includeInIndex = 1; lastKnownFileType = text.xcconfig; name = "Pods-StepperApp.release.xcconfig"; path = "Target Support Files/Pods-StepperApp/Pods-StepperApp.release.xcconfig"; sourceTree = "<group>"; };
		7A924E68D2EAE87E9BC99EBB /* Pods_StepperApp.framework */ = {isa = PBXFileReference; explicitFileType = wrapper.framework; includeInIndex = 0; path = Pods_StepperApp.framework; sourceTree = BUILT_PRODUCTS_DIR; };
		A124C80F27241D8B00540595 /* WeekChartViewController.swift */ = {isa = PBXFileReference; lastKnownFileType = sourcecode.swift; path = WeekChartViewController.swift; sourceTree = "<group>"; };
		CB9D39384BA8490515AF5B40 /* Pods-StepperApp.debug.xcconfig */ = {isa = PBXFileReference; includeInIndex = 1; lastKnownFileType = text.xcconfig; name = "Pods-StepperApp.debug.xcconfig"; path = "Target Support Files/Pods-StepperApp/Pods-StepperApp.debug.xcconfig"; sourceTree = "<group>"; };
/* End PBXFileReference section */

/* Begin PBXFrameworksBuildPhase section */
		01651A3427120D2D00DC9391 /* Frameworks */ = {
			isa = PBXFrameworksBuildPhase;
			buildActionMask = 2147483647;
			files = (
				3A59D2C09ADB9AA1AAE377E2 /* Pods_StepperApp.framework in Frameworks */,
			);
			runOnlyForDeploymentPostprocessing = 0;
		};
/* End PBXFrameworksBuildPhase section */

/* Begin PBXGroup section */
		014F5F97272D9F280058132F /* AuthorizationVCs */ = {
			isa = PBXGroup;
			children = (
				014F5F98272D9F880058132F /* AuthorizationViewController.swift */,
				014F5F9A272D9F990058132F /* LoginViewController.swift */,
				014F5F9C272D9FAE0058132F /* SignUpViewController.swift */,
			);
			path = AuthorizationVCs;
			sourceTree = "<group>";
		};
		01651A2E27120D2D00DC9391 = {
			isa = PBXGroup;
			children = (
				01651A3927120D2D00DC9391 /* StepperApp */,
				01651A3827120D2D00DC9391 /* Products */,
				7F695EEC87C4F13BB1496FA7 /* Pods */,
				1A219C7BD864A22EE30861FF /* Frameworks */,
			);
			sourceTree = "<group>";
		};
		01651A3827120D2D00DC9391 /* Products */ = {
			isa = PBXGroup;
			children = (
				01651A3727120D2D00DC9391 /* StepperApp.app */,
			);
			name = Products;
			sourceTree = "<group>";
		};
		01651A3927120D2D00DC9391 /* StepperApp */ = {
			isa = PBXGroup;
			children = (
				01651A3A27120D2D00DC9391 /* AppDelegate.swift */,
				01651A4327120D2E00DC9391 /* Assets.xcassets */,
				01651A4527120D2E00DC9391 /* LaunchScreen.storyboard */,
				01651A4827120D2E00DC9391 /* Info.plist */,
				01651A542712138C00DC9391 /* Scenes */,
				014F5F95272D9E960058132F /* TabBarControllerFunc.swift */,
				01A6B2C92734450600D16DF9 /* Scenes */,
				0172EABC27242F3200DE1779 /* Services */,
				01A6B2CA2734454F00D16DF9 /* Models */,
				014F5F97272D9F280058132F /* AuthorizationVCs */,
				01A6B2CB273445D800D16DF9 /* Support */,
			);
			path = StepperApp;
			sourceTree = "<group>";
		};
		0172EABC27242F3200DE1779 /* Services */ = {
			isa = PBXGroup;
			children = (
				0172EABD27242F7000DE1779 /* StepsService.swift */,
			);
			path = Services;
			sourceTree = "<group>";
		};
		01A6B2C92734450600D16DF9 /* Scenes */ = {
		01651A542712138C00DC9391 /* Scenes */ = {
			isa = PBXGroup;
			children = (
				01651A3E27120D2D00DC9391 /* StepsViewController.swift */,
				A124C80F27241D8B00540595 /* WeekChartViewController.swift */,
				01651A502712134000DC9391 /* FriendsListViewController.swift */,
				01651A522712137100DC9391 /* ChallengeViewController.swift */,
				01651A4E2712131400DC9391 /* ProfileViewController.swift */,
			);
			path = Scenes;
			sourceTree = "<group>";
		};
		01A6B2CA2734454F00D16DF9 /* Models */ = {
			isa = PBXGroup;
			children = (
				0172EAC42724335900DE1779 /* SteppingWeek.swift */,
				0172EAC02724318C00DE1779 /* SteppingDay.swift */,
			);
			path = Models;
			sourceTree = "<group>";
		};
		01A6B2CB273445D800D16DF9 /* Support */ = {
			isa = PBXGroup;
			children = (
				01651A4327120D2E00DC9391 /* Assets.xcassets */,
				01651A4527120D2E00DC9391 /* LaunchScreen.storyboard */,
				01651A4827120D2E00DC9391 /* Info.plist */,
			);
			path = Support;
			sourceTree = "<group>";
		};
		1A219C7BD864A22EE30861FF /* Frameworks */ = {
			isa = PBXGroup;
			children = (
				7A924E68D2EAE87E9BC99EBB /* Pods_StepperApp.framework */,
			);
			name = Frameworks;
			sourceTree = "<group>";
		};
		7F695EEC87C4F13BB1496FA7 /* Pods */ = {
			isa = PBXGroup;
			children = (
				CB9D39384BA8490515AF5B40 /* Pods-StepperApp.debug.xcconfig */,
				5FF80AFC5EDDD5F3380FACE8 /* Pods-StepperApp.release.xcconfig */,
			);
			path = Pods;
			sourceTree = "<group>";
		};
/* End PBXGroup section */

/* Begin PBXNativeTarget section */
		01651A3627120D2D00DC9391 /* StepperApp */ = {
			isa = PBXNativeTarget;
			buildConfigurationList = 01651A4B27120D2E00DC9391 /* Build configuration list for PBXNativeTarget "StepperApp" */;
			buildPhases = (
				2E81756311D603F04CA23B67 /* [CP] Check Pods Manifest.lock */,
				01651A3327120D2D00DC9391 /* Sources */,
				01651A3427120D2D00DC9391 /* Frameworks */,
				01651A3527120D2D00DC9391 /* Resources */,
				0E938D0152E389BB02994290 /* [CP] Embed Pods Frameworks */,
			);
			buildRules = (
			);
			dependencies = (
			);
			name = StepperApp;
			productName = StepperApp;
			productReference = 01651A3727120D2D00DC9391 /* StepperApp.app */;
			productType = "com.apple.product-type.application";
		};
/* End PBXNativeTarget section */

/* Begin PBXProject section */
		01651A2F27120D2D00DC9391 /* Project object */ = {
			isa = PBXProject;
			attributes = {
				BuildIndependentTargetsInParallel = 1;
				LastSwiftUpdateCheck = 1300;
				LastUpgradeCheck = 1300;
				TargetAttributes = {
					01651A3627120D2D00DC9391 = {
						CreatedOnToolsVersion = 13.0;
					};
				};
			};
			buildConfigurationList = 01651A3227120D2D00DC9391 /* Build configuration list for PBXProject "StepperApp" */;
			compatibilityVersion = "Xcode 12.0";
			developmentRegion = en;
			hasScannedForEncodings = 0;
			knownRegions = (
				en,
				Base,
			);
			mainGroup = 01651A2E27120D2D00DC9391;
			productRefGroup = 01651A3827120D2D00DC9391 /* Products */;
			projectDirPath = "";
			projectRoot = "";
			targets = (
				01651A3627120D2D00DC9391 /* StepperApp */,
			);
		};
/* End PBXProject section */

/* Begin PBXResourcesBuildPhase section */
		01651A3527120D2D00DC9391 /* Resources */ = {
			isa = PBXResourcesBuildPhase;
			buildActionMask = 2147483647;
			files = (
				01651A4727120D2E00DC9391 /* LaunchScreen.storyboard in Resources */,
				01651A4427120D2E00DC9391 /* Assets.xcassets in Resources */,
			);
			runOnlyForDeploymentPostprocessing = 0;
		};
/* End PBXResourcesBuildPhase section */

/* Begin PBXShellScriptBuildPhase section */
		0E938D0152E389BB02994290 /* [CP] Embed Pods Frameworks */ = {
			isa = PBXShellScriptBuildPhase;
			buildActionMask = 2147483647;
			files = (
			);
			inputFileListPaths = (
				"${PODS_ROOT}/Target Support Files/Pods-StepperApp/Pods-StepperApp-frameworks-${CONFIGURATION}-input-files.xcfilelist",
			);
			name = "[CP] Embed Pods Frameworks";
			outputFileListPaths = (
				"${PODS_ROOT}/Target Support Files/Pods-StepperApp/Pods-StepperApp-frameworks-${CONFIGURATION}-output-files.xcfilelist",
			);
			runOnlyForDeploymentPostprocessing = 0;
			shellPath = /bin/sh;
			shellScript = "\"${PODS_ROOT}/Target Support Files/Pods-StepperApp/Pods-StepperApp-frameworks.sh\"\n";
			showEnvVarsInLog = 0;
		};
		2E81756311D603F04CA23B67 /* [CP] Check Pods Manifest.lock */ = {
			isa = PBXShellScriptBuildPhase;
			buildActionMask = 2147483647;
			files = (
			);
			inputFileListPaths = (
			);
			inputPaths = (
				"${PODS_PODFILE_DIR_PATH}/Podfile.lock",
				"${PODS_ROOT}/Manifest.lock",
			);
			name = "[CP] Check Pods Manifest.lock";
			outputFileListPaths = (
			);
			outputPaths = (
				"$(DERIVED_FILE_DIR)/Pods-StepperApp-checkManifestLockResult.txt",
			);
			runOnlyForDeploymentPostprocessing = 0;
			shellPath = /bin/sh;
			shellScript = "diff \"${PODS_PODFILE_DIR_PATH}/Podfile.lock\" \"${PODS_ROOT}/Manifest.lock\" > /dev/null\nif [ $? != 0 ] ; then\n    # print error to STDERR\n    echo \"error: The sandbox is not in sync with the Podfile.lock. Run 'pod install' or update your CocoaPods installation.\" >&2\n    exit 1\nfi\n# This output is used by Xcode 'outputs' to avoid re-running this script phase.\necho \"SUCCESS\" > \"${SCRIPT_OUTPUT_FILE_0}\"\n";
			showEnvVarsInLog = 0;
		};
/* End PBXShellScriptBuildPhase section */

/* Begin PBXSourcesBuildPhase section */
		01651A3327120D2D00DC9391 /* Sources */ = {
			isa = PBXSourcesBuildPhase;
			buildActionMask = 2147483647;
			files = (
				014F5F9B272D9F990058132F /* LoginViewController.swift in Sources */,
				014F5F99272D9F880058132F /* AuthorizationViewController.swift in Sources */,
				0172EAC52724335900DE1779 /* SteppingWeek.swift in Sources */,
				014F5F96272D9E960058132F /* TabBarControllerFunc.swift in Sources */,
				01651A512712134000DC9391 /* FriendsListViewController.swift in Sources */,
				A124C81027241D8B00540595 /* WeekChartViewController.swift in Sources */,
				01651A532712137100DC9391 /* ChallengeViewController.swift in Sources */,
				0172EABE27242F7000DE1779 /* StepsService.swift in Sources */,
				0172EAC12724318C00DE1779 /* SteppingDay.swift in Sources */,
				01651A4F2712131400DC9391 /* ProfileViewController.swift in Sources */,
				01651A3F27120D2D00DC9391 /* StepsViewController.swift in Sources */,
				014F5F9D272D9FAE0058132F /* SignUpViewController.swift in Sources */,
				01651A3B27120D2D00DC9391 /* AppDelegate.swift in Sources */,
			);
			runOnlyForDeploymentPostprocessing = 0;
		};
/* End PBXSourcesBuildPhase section */

/* Begin PBXVariantGroup section */
		01651A4527120D2E00DC9391 /* LaunchScreen.storyboard */ = {
			isa = PBXVariantGroup;
			children = (
				01651A4627120D2E00DC9391 /* Base */,
			);
			name = LaunchScreen.storyboard;
			sourceTree = "<group>";
		};
/* End PBXVariantGroup section */

/* Begin XCBuildConfiguration section */
		01651A4927120D2E00DC9391 /* Debug */ = {
			isa = XCBuildConfiguration;
			buildSettings = {
				ALWAYS_SEARCH_USER_PATHS = NO;
				CLANG_ANALYZER_NONNULL = YES;
				CLANG_ANALYZER_NUMBER_OBJECT_CONVERSION = YES_AGGRESSIVE;
				CLANG_CXX_LANGUAGE_STANDARD = "gnu++17";
				CLANG_CXX_LIBRARY = "libc++";
				CLANG_ENABLE_MODULES = YES;
				CLANG_ENABLE_OBJC_ARC = YES;
				CLANG_ENABLE_OBJC_WEAK = YES;
				CLANG_WARN_BLOCK_CAPTURE_AUTORELEASING = YES;
				CLANG_WARN_BOOL_CONVERSION = YES;
				CLANG_WARN_COMMA = YES;
				CLANG_WARN_CONSTANT_CONVERSION = YES;
				CLANG_WARN_DEPRECATED_OBJC_IMPLEMENTATIONS = YES;
				CLANG_WARN_DIRECT_OBJC_ISA_USAGE = YES_ERROR;
				CLANG_WARN_DOCUMENTATION_COMMENTS = YES;
				CLANG_WARN_EMPTY_BODY = YES;
				CLANG_WARN_ENUM_CONVERSION = YES;
				CLANG_WARN_INFINITE_RECURSION = YES;
				CLANG_WARN_INT_CONVERSION = YES;
				CLANG_WARN_NON_LITERAL_NULL_CONVERSION = YES;
				CLANG_WARN_OBJC_IMPLICIT_RETAIN_SELF = YES;
				CLANG_WARN_OBJC_LITERAL_CONVERSION = YES;
				CLANG_WARN_OBJC_ROOT_CLASS = YES_ERROR;
				CLANG_WARN_QUOTED_INCLUDE_IN_FRAMEWORK_HEADER = YES;
				CLANG_WARN_RANGE_LOOP_ANALYSIS = YES;
				CLANG_WARN_STRICT_PROTOTYPES = YES;
				CLANG_WARN_SUSPICIOUS_MOVE = YES;
				CLANG_WARN_UNGUARDED_AVAILABILITY = YES_AGGRESSIVE;
				CLANG_WARN_UNREACHABLE_CODE = YES;
				CLANG_WARN__DUPLICATE_METHOD_MATCH = YES;
				COPY_PHASE_STRIP = NO;
				DEBUG_INFORMATION_FORMAT = dwarf;
				ENABLE_STRICT_OBJC_MSGSEND = YES;
				ENABLE_TESTABILITY = YES;
				GCC_C_LANGUAGE_STANDARD = gnu11;
				GCC_DYNAMIC_NO_PIC = NO;
				GCC_NO_COMMON_BLOCKS = YES;
				GCC_OPTIMIZATION_LEVEL = 0;
				GCC_PREPROCESSOR_DEFINITIONS = (
					"DEBUG=1",
					"$(inherited)",
				);
				GCC_WARN_64_TO_32_BIT_CONVERSION = YES;
				GCC_WARN_ABOUT_RETURN_TYPE = YES_ERROR;
				GCC_WARN_UNDECLARED_SELECTOR = YES;
				GCC_WARN_UNINITIALIZED_AUTOS = YES_AGGRESSIVE;
				GCC_WARN_UNUSED_FUNCTION = YES;
				GCC_WARN_UNUSED_VARIABLE = YES;
				IPHONEOS_DEPLOYMENT_TARGET = 15.0;
				MTL_ENABLE_DEBUG_INFO = INCLUDE_SOURCE;
				MTL_FAST_MATH = YES;
				ONLY_ACTIVE_ARCH = YES;
				SDKROOT = iphoneos;
				SWIFT_ACTIVE_COMPILATION_CONDITIONS = DEBUG;
				SWIFT_OPTIMIZATION_LEVEL = "-Onone";
			};
			name = Debug;
		};
		01651A4A27120D2E00DC9391 /* Release */ = {
			isa = XCBuildConfiguration;
			buildSettings = {
				ALWAYS_SEARCH_USER_PATHS = NO;
				CLANG_ANALYZER_NONNULL = YES;
				CLANG_ANALYZER_NUMBER_OBJECT_CONVERSION = YES_AGGRESSIVE;
				CLANG_CXX_LANGUAGE_STANDARD = "gnu++17";
				CLANG_CXX_LIBRARY = "libc++";
				CLANG_ENABLE_MODULES = YES;
				CLANG_ENABLE_OBJC_ARC = YES;
				CLANG_ENABLE_OBJC_WEAK = YES;
				CLANG_WARN_BLOCK_CAPTURE_AUTORELEASING = YES;
				CLANG_WARN_BOOL_CONVERSION = YES;
				CLANG_WARN_COMMA = YES;
				CLANG_WARN_CONSTANT_CONVERSION = YES;
				CLANG_WARN_DEPRECATED_OBJC_IMPLEMENTATIONS = YES;
				CLANG_WARN_DIRECT_OBJC_ISA_USAGE = YES_ERROR;
				CLANG_WARN_DOCUMENTATION_COMMENTS = YES;
				CLANG_WARN_EMPTY_BODY = YES;
				CLANG_WARN_ENUM_CONVERSION = YES;
				CLANG_WARN_INFINITE_RECURSION = YES;
				CLANG_WARN_INT_CONVERSION = YES;
				CLANG_WARN_NON_LITERAL_NULL_CONVERSION = YES;
				CLANG_WARN_OBJC_IMPLICIT_RETAIN_SELF = YES;
				CLANG_WARN_OBJC_LITERAL_CONVERSION = YES;
				CLANG_WARN_OBJC_ROOT_CLASS = YES_ERROR;
				CLANG_WARN_QUOTED_INCLUDE_IN_FRAMEWORK_HEADER = YES;
				CLANG_WARN_RANGE_LOOP_ANALYSIS = YES;
				CLANG_WARN_STRICT_PROTOTYPES = YES;
				CLANG_WARN_SUSPICIOUS_MOVE = YES;
				CLANG_WARN_UNGUARDED_AVAILABILITY = YES_AGGRESSIVE;
				CLANG_WARN_UNREACHABLE_CODE = YES;
				CLANG_WARN__DUPLICATE_METHOD_MATCH = YES;
				COPY_PHASE_STRIP = NO;
				DEBUG_INFORMATION_FORMAT = "dwarf-with-dsym";
				ENABLE_NS_ASSERTIONS = NO;
				ENABLE_STRICT_OBJC_MSGSEND = YES;
				GCC_C_LANGUAGE_STANDARD = gnu11;
				GCC_NO_COMMON_BLOCKS = YES;
				GCC_WARN_64_TO_32_BIT_CONVERSION = YES;
				GCC_WARN_ABOUT_RETURN_TYPE = YES_ERROR;
				GCC_WARN_UNDECLARED_SELECTOR = YES;
				GCC_WARN_UNINITIALIZED_AUTOS = YES_AGGRESSIVE;
				GCC_WARN_UNUSED_FUNCTION = YES;
				GCC_WARN_UNUSED_VARIABLE = YES;
				IPHONEOS_DEPLOYMENT_TARGET = 15.0;
				MTL_ENABLE_DEBUG_INFO = NO;
				MTL_FAST_MATH = YES;
				SDKROOT = iphoneos;
				SWIFT_COMPILATION_MODE = wholemodule;
				SWIFT_OPTIMIZATION_LEVEL = "-O";
				VALIDATE_PRODUCT = YES;
			};
			name = Release;
		};
		01651A4C27120D2E00DC9391 /* Debug */ = {
			isa = XCBuildConfiguration;
			baseConfigurationReference = CB9D39384BA8490515AF5B40 /* Pods-StepperApp.debug.xcconfig */;
			buildSettings = {
				ASSETCATALOG_COMPILER_APPICON_NAME = AppIcon;
				ASSETCATALOG_COMPILER_GLOBAL_ACCENT_COLOR_NAME = AccentColor;
				CODE_SIGN_STYLE = Automatic;
				CURRENT_PROJECT_VERSION = 1;
				GENERATE_INFOPLIST_FILE = YES;
				INFOPLIST_FILE = StepperApp/Support/Info.plist;
				INFOPLIST_KEY_UIApplicationSupportsIndirectInputEvents = YES;
				INFOPLIST_KEY_UILaunchStoryboardName = LaunchScreen;
				INFOPLIST_KEY_UISupportedInterfaceOrientations = UIInterfaceOrientationPortrait;
				INFOPLIST_KEY_UISupportedInterfaceOrientations_iPad = "UIInterfaceOrientationPortrait UIInterfaceOrientationPortraitUpsideDown UIInterfaceOrientationLandscapeLeft UIInterfaceOrientationLandscapeRight";
				INFOPLIST_KEY_UISupportedInterfaceOrientations_iPhone = "UIInterfaceOrientationPortrait UIInterfaceOrientationLandscapeLeft UIInterfaceOrientationLandscapeRight";
				IPHONEOS_DEPLOYMENT_TARGET = 13.0;
				LD_RUNPATH_SEARCH_PATHS = (
					"$(inherited)",
					"@executable_path/Frameworks",
				);
				MARKETING_VERSION = 1.0;
				PRODUCT_BUNDLE_IDENTIFIER = com.rubenegikian.StepperApp;
				PRODUCT_NAME = "$(TARGET_NAME)";
				SWIFT_EMIT_LOC_STRINGS = YES;
				SWIFT_VERSION = 5.0;
				TARGETED_DEVICE_FAMILY = 1;
			};
			name = Debug;
		};
		01651A4D27120D2E00DC9391 /* Release */ = {
			isa = XCBuildConfiguration;
			baseConfigurationReference = 5FF80AFC5EDDD5F3380FACE8 /* Pods-StepperApp.release.xcconfig */;
			buildSettings = {
				ASSETCATALOG_COMPILER_APPICON_NAME = AppIcon;
				ASSETCATALOG_COMPILER_GLOBAL_ACCENT_COLOR_NAME = AccentColor;
				CODE_SIGN_STYLE = Automatic;
				CURRENT_PROJECT_VERSION = 1;
				GENERATE_INFOPLIST_FILE = YES;
				INFOPLIST_FILE = StepperApp/Support/Info.plist;
				INFOPLIST_KEY_UIApplicationSupportsIndirectInputEvents = YES;
				INFOPLIST_KEY_UILaunchStoryboardName = LaunchScreen;
				INFOPLIST_KEY_UISupportedInterfaceOrientations = UIInterfaceOrientationPortrait;
				INFOPLIST_KEY_UISupportedInterfaceOrientations_iPad = "UIInterfaceOrientationPortrait UIInterfaceOrientationPortraitUpsideDown UIInterfaceOrientationLandscapeLeft UIInterfaceOrientationLandscapeRight";
				INFOPLIST_KEY_UISupportedInterfaceOrientations_iPhone = "UIInterfaceOrientationPortrait UIInterfaceOrientationLandscapeLeft UIInterfaceOrientationLandscapeRight";
				IPHONEOS_DEPLOYMENT_TARGET = 13.0;
				LD_RUNPATH_SEARCH_PATHS = (
					"$(inherited)",
					"@executable_path/Frameworks",
				);
				MARKETING_VERSION = 1.0;
				PRODUCT_BUNDLE_IDENTIFIER = com.rubenegikian.StepperApp;
				PRODUCT_NAME = "$(TARGET_NAME)";
				SWIFT_EMIT_LOC_STRINGS = YES;
				SWIFT_VERSION = 5.0;
				TARGETED_DEVICE_FAMILY = 1;
			};
			name = Release;
		};
/* End XCBuildConfiguration section */

/* Begin XCConfigurationList section */
		01651A3227120D2D00DC9391 /* Build configuration list for PBXProject "StepperApp" */ = {
			isa = XCConfigurationList;
			buildConfigurations = (
				01651A4927120D2E00DC9391 /* Debug */,
				01651A4A27120D2E00DC9391 /* Release */,
			);
			defaultConfigurationIsVisible = 0;
			defaultConfigurationName = Release;
		};
		01651A4B27120D2E00DC9391 /* Build configuration list for PBXNativeTarget "StepperApp" */ = {
			isa = XCConfigurationList;
			buildConfigurations = (
				01651A4C27120D2E00DC9391 /* Debug */,
				01651A4D27120D2E00DC9391 /* Release */,
			);
			defaultConfigurationIsVisible = 0;
			defaultConfigurationName = Release;
		};
/* End XCConfigurationList section */
	};
	rootObject = 01651A2F27120D2D00DC9391 /* Project object */;
}
